
Microsoft Visual Studio Solution File, Format Version 12.00
# Visual Studio 15
VisualStudioVersion = 15.0.26228.4
MinimumVisualStudioVersion = 10.0.40219.1
Project("{FAE04EC0-301F-11D3-BF4B-00C04F79EFBC}") = "XamarinBase.Android", "XamarinBase\XamarinBase.Android\XamarinBase.Android.csproj", "{7A7A32D6-D97B-4ABD-934A-4C0D8FFF9515}"
EndProject
Project("{FAE04EC0-301F-11D3-BF4B-00C04F79EFBC}") = "XamarinBase", "XamarinBase\XamarinBase\XamarinBase.csproj", "{DCB83D15-A2C3-4982-92A8-F328C3B023CF}"
EndProject
Project("{FAE04EC0-301F-11D3-BF4B-00C04F79EFBC}") = "XamarinBase.iOS", "XamarinBase\XamarinBase.iOS\XamarinBase.iOS.csproj", "{4145E277-4412-4D67-AED8-29903CF175D6}"
EndProject
Project("{FAE04EC0-301F-11D3-BF4B-00C04F79EFBC}") = "BaseCore", "BaseCore\BaseCore.csproj", "{67F9D3A8-F71E-4428-913F-C37AE82CDB24}"
EndProject
Global
	GlobalSection(SolutionConfigurationPlatforms) = preSolution
		Ad-Hoc|Any CPU = Ad-Hoc|Any CPU
		Ad-Hoc|ARM = Ad-Hoc|ARM
		Ad-Hoc|iPhone = Ad-Hoc|iPhone
		Ad-Hoc|iPhoneSimulator = Ad-Hoc|iPhoneSimulator
		Ad-Hoc|x64 = Ad-Hoc|x64
		Ad-Hoc|x86 = Ad-Hoc|x86
		AppStore|Any CPU = AppStore|Any CPU
		AppStore|ARM = AppStore|ARM
		AppStore|iPhone = AppStore|iPhone
		AppStore|iPhoneSimulator = AppStore|iPhoneSimulator
		AppStore|x64 = AppStore|x64
		AppStore|x86 = AppStore|x86
		Debug|Any CPU = Debug|Any CPU
		Debug|ARM = Debug|ARM
		Debug|iPhone = Debug|iPhone
		Debug|iPhoneSimulator = Debug|iPhoneSimulator
		Debug|x64 = Debug|x64
		Debug|x86 = Debug|x86
		Release|Any CPU = Release|Any CPU
		Release|ARM = Release|ARM
		Release|iPhone = Release|iPhone
		Release|iPhoneSimulator = Release|iPhoneSimulator
		Release|x64 = Release|x64
		Release|x86 = Release|x86
	EndGlobalSection
	GlobalSection(ProjectConfigurationPlatforms) = postSolution
		{7A7A32D6-D97B-4ABD-934A-4C0D8FFF9515}.Ad-Hoc|Any CPU.ActiveCfg = Release|Any CPU
		{7A7A32D6-D97B-4ABD-934A-4C0D8FFF9515}.Ad-Hoc|Any CPU.Build.0 = Release|Any CPU
		{7A7A32D6-D97B-4ABD-934A-4C0D8FFF9515}.Ad-Hoc|Any CPU.Deploy.0 = Release|Any CPU
		{7A7A32D6-D97B-4ABD-934A-4C0D8FFF9515}.Ad-Hoc|ARM.ActiveCfg = Release|Any CPU
		{7A7A32D6-D97B-4ABD-934A-4C0D8FFF9515}.Ad-Hoc|ARM.Build.0 = Release|Any CPU
		{7A7A32D6-D97B-4ABD-934A-4C0D8FFF9515}.Ad-Hoc|ARM.Deploy.0 = Release|Any CPU
		{7A7A32D6-D97B-4ABD-934A-4C0D8FFF9515}.Ad-Hoc|iPhone.ActiveCfg = Release|Any CPU
		{7A7A32D6-D97B-4ABD-934A-4C0D8FFF9515}.Ad-Hoc|iPhone.Build.0 = Release|Any CPU
		{7A7A32D6-D97B-4ABD-934A-4C0D8FFF9515}.Ad-Hoc|iPhone.Deploy.0 = Release|Any CPU
		{7A7A32D6-D97B-4ABD-934A-4C0D8FFF9515}.Ad-Hoc|iPhoneSimulator.ActiveCfg = Release|Any CPU
		{7A7A32D6-D97B-4ABD-934A-4C0D8FFF9515}.Ad-Hoc|iPhoneSimulator.Build.0 = Release|Any CPU
		{7A7A32D6-D97B-4ABD-934A-4C0D8FFF9515}.Ad-Hoc|iPhoneSimulator.Deploy.0 = Release|Any CPU
		{7A7A32D6-D97B-4ABD-934A-4C0D8FFF9515}.Ad-Hoc|x64.ActiveCfg = Release|Any CPU
		{7A7A32D6-D97B-4ABD-934A-4C0D8FFF9515}.Ad-Hoc|x64.Build.0 = Release|Any CPU
		{7A7A32D6-D97B-4ABD-934A-4C0D8FFF9515}.Ad-Hoc|x64.Deploy.0 = Release|Any CPU
		{7A7A32D6-D97B-4ABD-934A-4C0D8FFF9515}.Ad-Hoc|x86.ActiveCfg = Release|Any CPU
		{7A7A32D6-D97B-4ABD-934A-4C0D8FFF9515}.Ad-Hoc|x86.Build.0 = Release|Any CPU
		{7A7A32D6-D97B-4ABD-934A-4C0D8FFF9515}.Ad-Hoc|x86.Deploy.0 = Release|Any CPU
		{7A7A32D6-D97B-4ABD-934A-4C0D8FFF9515}.AppStore|Any CPU.ActiveCfg = Release|Any CPU
		{7A7A32D6-D97B-4ABD-934A-4C0D8FFF9515}.AppStore|Any CPU.Build.0 = Release|Any CPU
		{7A7A32D6-D97B-4ABD-934A-4C0D8FFF9515}.AppStore|Any CPU.Deploy.0 = Release|Any CPU
		{7A7A32D6-D97B-4ABD-934A-4C0D8FFF9515}.AppStore|ARM.ActiveCfg = Release|Any CPU
		{7A7A32D6-D97B-4ABD-934A-4C0D8FFF9515}.AppStore|ARM.Build.0 = Release|Any CPU
		{7A7A32D6-D97B-4ABD-934A-4C0D8FFF9515}.AppStore|ARM.Deploy.0 = Release|Any CPU
		{7A7A32D6-D97B-4ABD-934A-4C0D8FFF9515}.AppStore|iPhone.ActiveCfg = Release|Any CPU
		{7A7A32D6-D97B-4ABD-934A-4C0D8FFF9515}.AppStore|iPhone.Build.0 = Release|Any CPU
		{7A7A32D6-D97B-4ABD-934A-4C0D8FFF9515}.AppStore|iPhone.Deploy.0 = Release|Any CPU
		{7A7A32D6-D97B-4ABD-934A-4C0D8FFF9515}.AppStore|iPhoneSimulator.ActiveCfg = Release|Any CPU
		{7A7A32D6-D97B-4ABD-934A-4C0D8FFF9515}.AppStore|iPhoneSimulator.Build.0 = Release|Any CPU
		{7A7A32D6-D97B-4ABD-934A-4C0D8FFF9515}.AppStore|iPhoneSimulator.Deploy.0 = Release|Any CPU
		{7A7A32D6-D97B-4ABD-934A-4C0D8FFF9515}.AppStore|x64.ActiveCfg = Release|Any CPU
		{7A7A32D6-D97B-4ABD-934A-4C0D8FFF9515}.AppStore|x64.Build.0 = Release|Any CPU
		{7A7A32D6-D97B-4ABD-934A-4C0D8FFF9515}.AppStore|x64.Deploy.0 = Release|Any CPU
		{7A7A32D6-D97B-4ABD-934A-4C0D8FFF9515}.AppStore|x86.ActiveCfg = Release|Any CPU
		{7A7A32D6-D97B-4ABD-934A-4C0D8FFF9515}.AppStore|x86.Build.0 = Release|Any CPU
		{7A7A32D6-D97B-4ABD-934A-4C0D8FFF9515}.AppStore|x86.Deploy.0 = Release|Any CPU
		{7A7A32D6-D97B-4ABD-934A-4C0D8FFF9515}.Debug|Any CPU.ActiveCfg = Debug|Any CPU
		{7A7A32D6-D97B-4ABD-934A-4C0D8FFF9515}.Debug|Any CPU.Build.0 = Debug|Any CPU
		{7A7A32D6-D97B-4ABD-934A-4C0D8FFF9515}.Debug|Any CPU.Deploy.0 = Debug|Any CPU
		{7A7A32D6-D97B-4ABD-934A-4C0D8FFF9515}.Debug|ARM.ActiveCfg = Debug|Any CPU
		{7A7A32D6-D97B-4ABD-934A-4C0D8FFF9515}.Debug|ARM.Build.0 = Debug|Any CPU
		{7A7A32D6-D97B-4ABD-934A-4C0D8FFF9515}.Debug|ARM.Deploy.0 = Debug|Any CPU
		{7A7A32D6-D97B-4ABD-934A-4C0D8FFF9515}.Debug|iPhone.ActiveCfg = Debug|Any CPU
		{7A7A32D6-D97B-4ABD-934A-4C0D8FFF9515}.Debug|iPhone.Build.0 = Debug|Any CPU
		{7A7A32D6-D97B-4ABD-934A-4C0D8FFF9515}.Debug|iPhone.Deploy.0 = Debug|Any CPU
		{7A7A32D6-D97B-4ABD-934A-4C0D8FFF9515}.Debug|iPhoneSimulator.ActiveCfg = Debug|Any CPU
		{7A7A32D6-D97B-4ABD-934A-4C0D8FFF9515}.Debug|iPhoneSimulator.Build.0 = Debug|Any CPU
		{7A7A32D6-D97B-4ABD-934A-4C0D8FFF9515}.Debug|iPhoneSimulator.Deploy.0 = Debug|Any CPU
		{7A7A32D6-D97B-4ABD-934A-4C0D8FFF9515}.Debug|x64.ActiveCfg = Debug|Any CPU
		{7A7A32D6-D97B-4ABD-934A-4C0D8FFF9515}.Debug|x64.Build.0 = Debug|Any CPU
		{7A7A32D6-D97B-4ABD-934A-4C0D8FFF9515}.Debug|x64.Deploy.0 = Debug|Any CPU
		{7A7A32D6-D97B-4ABD-934A-4C0D8FFF9515}.Debug|x86.ActiveCfg = Debug|Any CPU
		{7A7A32D6-D97B-4ABD-934A-4C0D8FFF9515}.Debug|x86.Build.0 = Debug|Any CPU
		{7A7A32D6-D97B-4ABD-934A-4C0D8FFF9515}.Debug|x86.Deploy.0 = Debug|Any CPU
		{7A7A32D6-D97B-4ABD-934A-4C0D8FFF9515}.Release|Any CPU.ActiveCfg = Release|Any CPU
		{7A7A32D6-D97B-4ABD-934A-4C0D8FFF9515}.Release|Any CPU.Build.0 = Release|Any CPU
		{7A7A32D6-D97B-4ABD-934A-4C0D8FFF9515}.Release|Any CPU.Deploy.0 = Release|Any CPU
		{7A7A32D6-D97B-4ABD-934A-4C0D8FFF9515}.Release|ARM.ActiveCfg = Release|Any CPU
		{7A7A32D6-D97B-4ABD-934A-4C0D8FFF9515}.Release|ARM.Build.0 = Release|Any CPU
		{7A7A32D6-D97B-4ABD-934A-4C0D8FFF9515}.Release|ARM.Deploy.0 = Release|Any CPU
		{7A7A32D6-D97B-4ABD-934A-4C0D8FFF9515}.Release|iPhone.ActiveCfg = Release|Any CPU
		{7A7A32D6-D97B-4ABD-934A-4C0D8FFF9515}.Release|iPhone.Build.0 = Release|Any CPU
		{7A7A32D6-D97B-4ABD-934A-4C0D8FFF9515}.Release|iPhone.Deploy.0 = Release|Any CPU
		{7A7A32D6-D97B-4ABD-934A-4C0D8FFF9515}.Release|iPhoneSimulator.ActiveCfg = Release|Any CPU
		{7A7A32D6-D97B-4ABD-934A-4C0D8FFF9515}.Release|iPhoneSimulator.Build.0 = Release|Any CPU
		{7A7A32D6-D97B-4ABD-934A-4C0D8FFF9515}.Release|iPhoneSimulator.Deploy.0 = Release|Any CPU
		{7A7A32D6-D97B-4ABD-934A-4C0D8FFF9515}.Release|x64.ActiveCfg = Release|Any CPU
		{7A7A32D6-D97B-4ABD-934A-4C0D8FFF9515}.Release|x64.Build.0 = Release|Any CPU
		{7A7A32D6-D97B-4ABD-934A-4C0D8FFF9515}.Release|x64.Deploy.0 = Release|Any CPU
		{7A7A32D6-D97B-4ABD-934A-4C0D8FFF9515}.Release|x86.ActiveCfg = Release|Any CPU
		{7A7A32D6-D97B-4ABD-934A-4C0D8FFF9515}.Release|x86.Build.0 = Release|Any CPU
		{7A7A32D6-D97B-4ABD-934A-4C0D8FFF9515}.Release|x86.Deploy.0 = Release|Any CPU
		{DCB83D15-A2C3-4982-92A8-F328C3B023CF}.Ad-Hoc|Any CPU.ActiveCfg = Release|Any CPU
		{DCB83D15-A2C3-4982-92A8-F328C3B023CF}.Ad-Hoc|Any CPU.Build.0 = Release|Any CPU
		{DCB83D15-A2C3-4982-92A8-F328C3B023CF}.Ad-Hoc|ARM.ActiveCfg = Release|Any CPU
		{DCB83D15-A2C3-4982-92A8-F328C3B023CF}.Ad-Hoc|ARM.Build.0 = Release|Any CPU
		{DCB83D15-A2C3-4982-92A8-F328C3B023CF}.Ad-Hoc|iPhone.ActiveCfg = Release|Any CPU
		{DCB83D15-A2C3-4982-92A8-F328C3B023CF}.Ad-Hoc|iPhone.Build.0 = Release|Any CPU
		{DCB83D15-A2C3-4982-92A8-F328C3B023CF}.Ad-Hoc|iPhoneSimulator.ActiveCfg = Release|Any CPU
		{DCB83D15-A2C3-4982-92A8-F328C3B023CF}.Ad-Hoc|iPhoneSimulator.Build.0 = Release|Any CPU
		{DCB83D15-A2C3-4982-92A8-F328C3B023CF}.Ad-Hoc|x64.ActiveCfg = Release|Any CPU
		{DCB83D15-A2C3-4982-92A8-F328C3B023CF}.Ad-Hoc|x64.Build.0 = Release|Any CPU
		{DCB83D15-A2C3-4982-92A8-F328C3B023CF}.Ad-Hoc|x86.ActiveCfg = Release|Any CPU
		{DCB83D15-A2C3-4982-92A8-F328C3B023CF}.Ad-Hoc|x86.Build.0 = Release|Any CPU
		{DCB83D15-A2C3-4982-92A8-F328C3B023CF}.AppStore|Any CPU.ActiveCfg = Release|Any CPU
		{DCB83D15-A2C3-4982-92A8-F328C3B023CF}.AppStore|Any CPU.Build.0 = Release|Any CPU
		{DCB83D15-A2C3-4982-92A8-F328C3B023CF}.AppStore|ARM.ActiveCfg = Release|Any CPU
		{DCB83D15-A2C3-4982-92A8-F328C3B023CF}.AppStore|ARM.Build.0 = Release|Any CPU
		{DCB83D15-A2C3-4982-92A8-F328C3B023CF}.AppStore|iPhone.ActiveCfg = Release|Any CPU
		{DCB83D15-A2C3-4982-92A8-F328C3B023CF}.AppStore|iPhone.Build.0 = Release|Any CPU
		{DCB83D15-A2C3-4982-92A8-F328C3B023CF}.AppStore|iPhoneSimulator.ActiveCfg = Release|Any CPU
		{DCB83D15-A2C3-4982-92A8-F328C3B023CF}.AppStore|iPhoneSimulator.Build.0 = Release|Any CPU
		{DCB83D15-A2C3-4982-92A8-F328C3B023CF}.AppStore|x64.ActiveCfg = Release|Any CPU
		{DCB83D15-A2C3-4982-92A8-F328C3B023CF}.AppStore|x64.Build.0 = Release|Any CPU
		{DCB83D15-A2C3-4982-92A8-F328C3B023CF}.AppStore|x86.ActiveCfg = Release|Any CPU
		{DCB83D15-A2C3-4982-92A8-F328C3B023CF}.AppStore|x86.Build.0 = Release|Any CPU
		{DCB83D15-A2C3-4982-92A8-F328C3B023CF}.Debug|Any CPU.ActiveCfg = Debug|Any CPU
		{DCB83D15-A2C3-4982-92A8-F328C3B023CF}.Debug|Any CPU.Build.0 = Debug|Any CPU
		{DCB83D15-A2C3-4982-92A8-F328C3B023CF}.Debug|ARM.ActiveCfg = Debug|Any CPU
		{DCB83D15-A2C3-4982-92A8-F328C3B023CF}.Debug|ARM.Build.0 = Debug|Any CPU
		{DCB83D15-A2C3-4982-92A8-F328C3B023CF}.Debug|iPhone.ActiveCfg = Debug|Any CPU
		{DCB83D15-A2C3-4982-92A8-F328C3B023CF}.Debug|iPhone.Build.0 = Debug|Any CPU
		{DCB83D15-A2C3-4982-92A8-F328C3B023CF}.Debug|iPhoneSimulator.ActiveCfg = Debug|Any CPU
		{DCB83D15-A2C3-4982-92A8-F328C3B023CF}.Debug|iPhoneSimulator.Build.0 = Debug|Any CPU
		{DCB83D15-A2C3-4982-92A8-F328C3B023CF}.Debug|x64.ActiveCfg = Debug|Any CPU
		{DCB83D15-A2C3-4982-92A8-F328C3B023CF}.Debug|x64.Build.0 = Debug|Any CPU
		{DCB83D15-A2C3-4982-92A8-F328C3B023CF}.Debug|x86.ActiveCfg = Debug|Any CPU
		{DCB83D15-A2C3-4982-92A8-F328C3B023CF}.Debug|x86.Build.0 = Debug|Any CPU
		{DCB83D15-A2C3-4982-92A8-F328C3B023CF}.Release|Any CPU.ActiveCfg = Release|Any CPU
		{DCB83D15-A2C3-4982-92A8-F328C3B023CF}.Release|Any CPU.Build.0 = Release|Any CPU
		{DCB83D15-A2C3-4982-92A8-F328C3B023CF}.Release|ARM.ActiveCfg = Release|Any CPU
		{DCB83D15-A2C3-4982-92A8-F328C3B023CF}.Release|ARM.Build.0 = Release|Any CPU
		{DCB83D15-A2C3-4982-92A8-F328C3B023CF}.Release|iPhone.ActiveCfg = Release|Any CPU
		{DCB83D15-A2C3-4982-92A8-F328C3B023CF}.Release|iPhone.Build.0 = Release|Any CPU
		{DCB83D15-A2C3-4982-92A8-F328C3B023CF}.Release|iPhoneSimulator.ActiveCfg = Release|Any CPU
		{DCB83D15-A2C3-4982-92A8-F328C3B023CF}.Release|iPhoneSimulator.Build.0 = Release|Any CPU
		{DCB83D15-A2C3-4982-92A8-F328C3B023CF}.Release|x64.ActiveCfg = Release|Any CPU
		{DCB83D15-A2C3-4982-92A8-F328C3B023CF}.Release|x64.Build.0 = Release|Any CPU
		{DCB83D15-A2C3-4982-92A8-F328C3B023CF}.Release|x86.ActiveCfg = Release|Any CPU
		{DCB83D15-A2C3-4982-92A8-F328C3B023CF}.Release|x86.Build.0 = Release|Any CPU
		{4145E277-4412-4D67-AED8-29903CF175D6}.Ad-Hoc|Any CPU.ActiveCfg = Ad-Hoc|iPhone
		{4145E277-4412-4D67-AED8-29903CF175D6}.Ad-Hoc|ARM.ActiveCfg = Ad-Hoc|iPhone
		{4145E277-4412-4D67-AED8-29903CF175D6}.Ad-Hoc|iPhone.ActiveCfg = Ad-Hoc|iPhone
		{4145E277-4412-4D67-AED8-29903CF175D6}.Ad-Hoc|iPhone.Build.0 = Ad-Hoc|iPhone
		{4145E277-4412-4D67-AED8-29903CF175D6}.Ad-Hoc|iPhoneSimulator.ActiveCfg = Ad-Hoc|iPhoneSimulator
		{4145E277-4412-4D67-AED8-29903CF175D6}.Ad-Hoc|iPhoneSimulator.Build.0 = Ad-Hoc|iPhoneSimulator
		{4145E277-4412-4D67-AED8-29903CF175D6}.Ad-Hoc|x64.ActiveCfg = Ad-Hoc|iPhone
		{4145E277-4412-4D67-AED8-29903CF175D6}.Ad-Hoc|x86.ActiveCfg = Ad-Hoc|iPhone
		{4145E277-4412-4D67-AED8-29903CF175D6}.AppStore|Any CPU.ActiveCfg = AppStore|iPhone
		{4145E277-4412-4D67-AED8-29903CF175D6}.AppStore|ARM.ActiveCfg = AppStore|iPhone
		{4145E277-4412-4D67-AED8-29903CF175D6}.AppStore|iPhone.ActiveCfg = AppStore|iPhone
		{4145E277-4412-4D67-AED8-29903CF175D6}.AppStore|iPhone.Build.0 = AppStore|iPhone
		{4145E277-4412-4D67-AED8-29903CF175D6}.AppStore|iPhoneSimulator.ActiveCfg = AppStore|iPhoneSimulator
		{4145E277-4412-4D67-AED8-29903CF175D6}.AppStore|iPhoneSimulator.Build.0 = AppStore|iPhoneSimulator
		{4145E277-4412-4D67-AED8-29903CF175D6}.AppStore|x64.ActiveCfg = AppStore|iPhone
		{4145E277-4412-4D67-AED8-29903CF175D6}.AppStore|x86.ActiveCfg = AppStore|iPhone
		{4145E277-4412-4D67-AED8-29903CF175D6}.Debug|Any CPU.ActiveCfg = Debug|iPhone
		{4145E277-4412-4D67-AED8-29903CF175D6}.Debug|ARM.ActiveCfg = Debug|iPhone
		{4145E277-4412-4D67-AED8-29903CF175D6}.Debug|iPhone.ActiveCfg = Debug|iPhone
		{4145E277-4412-4D67-AED8-29903CF175D6}.Debug|iPhone.Build.0 = Debug|iPhone
		{4145E277-4412-4D67-AED8-29903CF175D6}.Debug|iPhoneSimulator.ActiveCfg = Debug|iPhoneSimulator
		{4145E277-4412-4D67-AED8-29903CF175D6}.Debug|iPhoneSimulator.Build.0 = Debug|iPhoneSimulator
		{4145E277-4412-4D67-AED8-29903CF175D6}.Debug|x64.ActiveCfg = Debug|iPhone
		{4145E277-4412-4D67-AED8-29903CF175D6}.Debug|x86.ActiveCfg = Debug|iPhone
		{4145E277-4412-4D67-AED8-29903CF175D6}.Release|Any CPU.ActiveCfg = Release|iPhone
		{4145E277-4412-4D67-AED8-29903CF175D6}.Release|ARM.ActiveCfg = Release|iPhone
		{4145E277-4412-4D67-AED8-29903CF175D6}.Release|iPhone.ActiveCfg = Release|iPhone
		{4145E277-4412-4D67-AED8-29903CF175D6}.Release|iPhone.Build.0 = Release|iPhone
		{4145E277-4412-4D67-AED8-29903CF175D6}.Release|iPhoneSimulator.ActiveCfg = Release|iPhoneSimulator
		{4145E277-4412-4D67-AED8-29903CF175D6}.Release|iPhoneSimulator.Build.0 = Release|iPhoneSimulator
		{4145E277-4412-4D67-AED8-29903CF175D6}.Release|x64.ActiveCfg = Release|iPhone
		{4145E277-4412-4D67-AED8-29903CF175D6}.Release|x86.ActiveCfg = Release|iPhone
		{67F9D3A8-F71E-4428-913F-C37AE82CDB24}.Ad-Hoc|Any CPU.ActiveCfg = Release|Any CPU
		{67F9D3A8-F71E-4428-913F-C37AE82CDB24}.Ad-Hoc|Any CPU.Build.0 = Release|Any CPU
		{67F9D3A8-F71E-4428-913F-C37AE82CDB24}.Ad-Hoc|ARM.ActiveCfg = Release|Any CPU
		{67F9D3A8-F71E-4428-913F-C37AE82CDB24}.Ad-Hoc|ARM.Build.0 = Release|Any CPU
		{67F9D3A8-F71E-4428-913F-C37AE82CDB24}.Ad-Hoc|iPhone.ActiveCfg = Release|Any CPU
		{67F9D3A8-F71E-4428-913F-C37AE82CDB24}.Ad-Hoc|iPhone.Build.0 = Release|Any CPU
		{67F9D3A8-F71E-4428-913F-C37AE82CDB24}.Ad-Hoc|iPhoneSimulator.ActiveCfg = Release|Any CPU
		{67F9D3A8-F71E-4428-913F-C37AE82CDB24}.Ad-Hoc|iPhoneSimulator.Build.0 = Release|Any CPU
		{67F9D3A8-F71E-4428-913F-C37AE82CDB24}.Ad-Hoc|x64.ActiveCfg = Release|Any CPU
		{67F9D3A8-F71E-4428-913F-C37AE82CDB24}.Ad-Hoc|x64.Build.0 = Release|Any CPU
		{67F9D3A8-F71E-4428-913F-C37AE82CDB24}.Ad-Hoc|x86.ActiveCfg = Release|Any CPU
		{67F9D3A8-F71E-4428-913F-C37AE82CDB24}.Ad-Hoc|x86.Build.0 = Release|Any CPU
		{67F9D3A8-F71E-4428-913F-C37AE82CDB24}.AppStore|Any CPU.ActiveCfg = Release|Any CPU
		{67F9D3A8-F71E-4428-913F-C37AE82CDB24}.AppStore|Any CPU.Build.0 = Release|Any CPU
		{67F9D3A8-F71E-4428-913F-C37AE82CDB24}.AppStore|ARM.ActiveCfg = Release|Any CPU
		{67F9D3A8-F71E-4428-913F-C37AE82CDB24}.AppStore|ARM.Build.0 = Release|Any CPU
		{67F9D3A8-F71E-4428-913F-C37AE82CDB24}.AppStore|iPhone.ActiveCfg = Release|Any CPU
		{67F9D3A8-F71E-4428-913F-C37AE82CDB24}.AppStore|iPhone.Build.0 = Release|Any CPU
		{67F9D3A8-F71E-4428-913F-C37AE82CDB24}.AppStore|iPhoneSimulator.ActiveCfg = Release|Any CPU
		{67F9D3A8-F71E-4428-913F-C37AE82CDB24}.AppStore|iPhoneSimulator.Build.0 = Release|Any CPU
		{67F9D3A8-F71E-4428-913F-C37AE82CDB24}.AppStore|x64.ActiveCfg = Release|Any CPU
		{67F9D3A8-F71E-4428-913F-C37AE82CDB24}.AppStore|x64.Build.0 = Release|Any CPU
		{67F9D3A8-F71E-4428-913F-C37AE82CDB24}.AppStore|x86.ActiveCfg = Release|Any CPU
		{67F9D3A8-F71E-4428-913F-C37AE82CDB24}.AppStore|x86.Build.0 = Release|Any CPU
		{67F9D3A8-F71E-4428-913F-C37AE82CDB24}.Debug|Any CPU.ActiveCfg = Debug|Any CPU
		{67F9D3A8-F71E-4428-913F-C37AE82CDB24}.Debug|Any CPU.Build.0 = Debug|Any CPU
		{67F9D3A8-F71E-4428-913F-C37AE82CDB24}.Debug|ARM.ActiveCfg = Debug|Any CPU
		{67F9D3A8-F71E-4428-913F-C37AE82CDB24}.Debug|ARM.Build.0 = Debug|Any CPU
		{67F9D3A8-F71E-4428-913F-C37AE82CDB24}.Debug|iPhone.ActiveCfg = Debug|Any CPU
		{67F9D3A8-F71E-4428-913F-C37AE82CDB24}.Debug|iPhone.Build.0 = Debug|Any CPU
		{67F9D3A8-F71E-4428-913F-C37AE82CDB24}.Debug|iPhoneSimulator.ActiveCfg = Debug|Any CPU
		{67F9D3A8-F71E-4428-913F-C37AE82CDB24}.Debug|iPhoneSimulator.Build.0 = Debug|Any CPU
		{67F9D3A8-F71E-4428-913F-C37AE82CDB24}.Debug|x64.ActiveCfg = Debug|Any CPU
		{67F9D3A8-F71E-4428-913F-C37AE82CDB24}.Debug|x64.Build.0 = Debug|Any CPU
		{67F9D3A8-F71E-4428-913F-C37AE82CDB24}.Debug|x86.ActiveCfg = Debug|Any CPU
		{67F9D3A8-F71E-4428-913F-C37AE82CDB24}.Debug|x86.Build.0 = Debug|Any CPU
		{67F9D3A8-F71E-4428-913F-C37AE82CDB24}.Release|Any CPU.ActiveCfg = Release|Any CPU
		{67F9D3A8-F71E-4428-913F-C37AE82CDB24}.Release|Any CPU.Build.0 = Release|Any CPU
		{67F9D3A8-F71E-4428-913F-C37AE82CDB24}.Release|ARM.ActiveCfg = Release|Any CPU
		{67F9D3A8-F71E-4428-913F-C37AE82CDB24}.Release|ARM.Build.0 = Release|Any CPU
		{67F9D3A8-F71E-4428-913F-C37AE82CDB24}.Release|iPhone.ActiveCfg = Release|Any CPU
		{67F9D3A8-F71E-4428-913F-C37AE82CDB24}.Release|iPhone.Build.0 = Release|Any CPU
		{67F9D3A8-F71E-4428-913F-C37AE82CDB24}.Release|iPhoneSimulator.ActiveCfg = Release|Any CPU
		{67F9D3A8-F71E-4428-913F-C37AE82CDB24}.Release|iPhoneSimulator.Build.0 = Release|Any CPU
		{67F9D3A8-F71E-4428-913F-C37AE82CDB24}.Release|x64.ActiveCfg = Release|Any CPU
		{67F9D3A8-F71E-4428-913F-C37AE82CDB24}.Release|x64.Build.0 = Release|Any CPU
		{67F9D3A8-F71E-4428-913F-C37AE82CDB24}.Release|x86.ActiveCfg = Release|Any CPU
		{67F9D3A8-F71E-4428-913F-C37AE82CDB24}.Release|x86.Build.0 = Release|Any CPU
	EndGlobalSection
	GlobalSection(SolutionProperties) = preSolution
		HideSolutionNode = FALSE
	EndGlobalSection
EndGlobal
